// !$*UTF8*$!
{
	archiveVersion = 1;
	classes = {
	};
	objectVersion = 55;
	objects = {

/* Begin PBXBuildFile section */
		AA2C7DD3287592CA00806401 /* ButtonStyles.swift in Sources */ = {isa = PBXBuildFile; fileRef = AA2C7DD2287592CA00806401 /* ButtonStyles.swift */; };
		AA2C7DD52875B21200806401 /* FavoriteRecipesViewModel.swift in Sources */ = {isa = PBXBuildFile; fileRef = AA2C7DD42875B21200806401 /* FavoriteRecipesViewModel.swift */; };
		AA2C7DD72875B2B400806401 /* DetailRecipeViewModel.swift in Sources */ = {isa = PBXBuildFile; fileRef = AA2C7DD62875B2B400806401 /* DetailRecipeViewModel.swift */; };
		AA79F01528732CCF0032495C /* TestyApp.swift in Sources */ = {isa = PBXBuildFile; fileRef = AA79F01428732CCF0032495C /* TestyApp.swift */; };
		AA79F01728732CCF0032495C /* MenuView.swift in Sources */ = {isa = PBXBuildFile; fileRef = AA79F01628732CCF0032495C /* MenuView.swift */; };
		AA79F01928732CD00032495C /* Assets.xcassets in Resources */ = {isa = PBXBuildFile; fileRef = AA79F01828732CD00032495C /* Assets.xcassets */; };
		AA79F01C28732CD00032495C /* Preview Assets.xcassets in Resources */ = {isa = PBXBuildFile; fileRef = AA79F01B28732CD00032495C /* Preview Assets.xcassets */; };
		AA79F02A287336F40032495C /* FavoriteRecipesView.swift in Sources */ = {isa = PBXBuildFile; fileRef = AA79F029287336F40032495C /* FavoriteRecipesView.swift */; };
		AA79F02C2873370B0032495C /* Recipe.swift in Sources */ = {isa = PBXBuildFile; fileRef = AA79F02B2873370B0032495C /* Recipe.swift */; };
		AA79F02E2873381B0032495C /* TastyService.swift in Sources */ = {isa = PBXBuildFile; fileRef = AA79F02D2873381B0032495C /* TastyService.swift */; };
		AA79F03428733F600032495C /* SearchRecipesViewModel.swift in Sources */ = {isa = PBXBuildFile; fileRef = AA79F03328733F600032495C /* SearchRecipesViewModel.swift */; };
		AA79F03728735D6D0032495C /* Constants.swift in Sources */ = {isa = PBXBuildFile; fileRef = AA79F03628735D6D0032495C /* Constants.swift */; };
		AA79F03928740B780032495C /* DetailRecipeView.swift in Sources */ = {isa = PBXBuildFile; fileRef = AA79F03828740B780032495C /* DetailRecipeView.swift */; };
		AA79F03B287413230032495C /* ActivityViewController.swift in Sources */ = {isa = PBXBuildFile; fileRef = AA79F03A287413230032495C /* ActivityViewController.swift */; };
		AA79F03D28741EE50032495C /* RecipeRowView.swift in Sources */ = {isa = PBXBuildFile; fileRef = AA79F03C28741EE50032495C /* RecipeRowView.swift */; };
		AA79F04A2874639B0032495C /* SearchRecipesView.swift in Sources */ = {isa = PBXBuildFile; fileRef = AA79F0492874639B0032495C /* SearchRecipesView.swift */; };
		AA9FBEE32875639500D222DA /* Localizable.strings in Resources */ = {isa = PBXBuildFile; fileRef = AA9FBEE52875639500D222DA /* Localizable.strings */; };
		AA9FBEE8287568C400D222DA /* FileReader.swift in Sources */ = {isa = PBXBuildFile; fileRef = AA9FBEE7287568C400D222DA /* FileReader.swift */; };
		AA9FBEEA28756C0500D222DA /* HTMLStringView.swift in Sources */ = {isa = PBXBuildFile; fileRef = AA9FBEE928756C0500D222DA /* HTMLStringView.swift */; };
/* End PBXBuildFile section */

/* Begin PBXFileReference section */
		AA2C7DD2287592CA00806401 /* ButtonStyles.swift */ = {isa = PBXFileReference; lastKnownFileType = sourcecode.swift; path = ButtonStyles.swift; sourceTree = "<group>"; };
		AA2C7DD42875B21200806401 /* FavoriteRecipesViewModel.swift */ = {isa = PBXFileReference; lastKnownFileType = sourcecode.swift; path = FavoriteRecipesViewModel.swift; sourceTree = "<group>"; };
		AA2C7DD62875B2B400806401 /* DetailRecipeViewModel.swift */ = {isa = PBXFileReference; lastKnownFileType = sourcecode.swift; path = DetailRecipeViewModel.swift; sourceTree = "<group>"; };
		AA79F01128732CCF0032495C /* Testy.app */ = {isa = PBXFileReference; explicitFileType = wrapper.application; includeInIndex = 0; path = Testy.app; sourceTree = BUILT_PRODUCTS_DIR; };
		AA79F01428732CCF0032495C /* TestyApp.swift */ = {isa = PBXFileReference; lastKnownFileType = sourcecode.swift; path = TestyApp.swift; sourceTree = "<group>"; };
		AA79F01628732CCF0032495C /* MenuView.swift */ = {isa = PBXFileReference; lastKnownFileType = sourcecode.swift; path = MenuView.swift; sourceTree = "<group>"; };
		AA79F01828732CD00032495C /* Assets.xcassets */ = {isa = PBXFileReference; lastKnownFileType = folder.assetcatalog; path = Assets.xcassets; sourceTree = "<group>"; };
		AA79F01B28732CD00032495C /* Preview Assets.xcassets */ = {isa = PBXFileReference; lastKnownFileType = folder.assetcatalog; path = "Preview Assets.xcassets"; sourceTree = "<group>"; };
		AA79F029287336F40032495C /* FavoriteRecipesView.swift */ = {isa = PBXFileReference; lastKnownFileType = sourcecode.swift; path = FavoriteRecipesView.swift; sourceTree = "<group>"; };
		AA79F02B2873370B0032495C /* Recipe.swift */ = {isa = PBXFileReference; lastKnownFileType = sourcecode.swift; path = Recipe.swift; sourceTree = "<group>"; };
		AA79F02D2873381B0032495C /* TastyService.swift */ = {isa = PBXFileReference; lastKnownFileType = sourcecode.swift; path = TastyService.swift; sourceTree = "<group>"; };
		AA79F03328733F600032495C /* SearchRecipesViewModel.swift */ = {isa = PBXFileReference; lastKnownFileType = sourcecode.swift; path = SearchRecipesViewModel.swift; sourceTree = "<group>"; };
		AA79F03628735D6D0032495C /* Constants.swift */ = {isa = PBXFileReference; lastKnownFileType = sourcecode.swift; path = Constants.swift; sourceTree = "<group>"; };
		AA79F03828740B780032495C /* DetailRecipeView.swift */ = {isa = PBXFileReference; lastKnownFileType = sourcecode.swift; path = DetailRecipeView.swift; sourceTree = "<group>"; };
		AA79F03A287413230032495C /* ActivityViewController.swift */ = {isa = PBXFileReference; lastKnownFileType = sourcecode.swift; path = ActivityViewController.swift; sourceTree = "<group>"; };
		AA79F03C28741EE50032495C /* RecipeRowView.swift */ = {isa = PBXFileReference; lastKnownFileType = sourcecode.swift; path = RecipeRowView.swift; sourceTree = "<group>"; };
		AA79F0492874639B0032495C /* SearchRecipesView.swift */ = {isa = PBXFileReference; lastKnownFileType = sourcecode.swift; path = SearchRecipesView.swift; sourceTree = "<group>"; };
		AA9FBEE42875639500D222DA /* en */ = {isa = PBXFileReference; lastKnownFileType = text.plist.strings; name = en; path = en.lproj/Localizable.strings; sourceTree = "<group>"; };
		AA9FBEE62875639700D222DA /* fr */ = {isa = PBXFileReference; lastKnownFileType = text.plist.strings; name = fr; path = fr.lproj/Localizable.strings; sourceTree = "<group>"; };
		AA9FBEE7287568C400D222DA /* FileReader.swift */ = {isa = PBXFileReference; lastKnownFileType = sourcecode.swift; path = FileReader.swift; sourceTree = "<group>"; };
		AA9FBEE928756C0500D222DA /* HTMLStringView.swift */ = {isa = PBXFileReference; lastKnownFileType = sourcecode.swift; path = HTMLStringView.swift; sourceTree = "<group>"; };
/* End PBXFileReference section */

/* Begin PBXFrameworksBuildPhase section */
		AA79F00E28732CCF0032495C /* Frameworks */ = {
			isa = PBXFrameworksBuildPhase;
			buildActionMask = 2147483647;
			files = (
			);
			runOnlyForDeploymentPostprocessing = 0;
		};
/* End PBXFrameworksBuildPhase section */

/* Begin PBXGroup section */
		AA2C7DD82875EF2400806401 /* Configuration */ = {
			isa = PBXGroup;
			children = (
				AA9FBEE52875639500D222DA /* Localizable.strings */,
			);
			path = Configuration;
			sourceTree = "<group>";
		};
		AA79F00828732CCF0032495C = {
			isa = PBXGroup;
			children = (
				AA2C7DD82875EF2400806401 /* Configuration */,
				AA79F01328732CCF0032495C /* Testy */,
				AA79F01228732CCF0032495C /* Products */,
			);
			sourceTree = "<group>";
		};
		AA79F01228732CCF0032495C /* Products */ = {
			isa = PBXGroup;
			children = (
				AA79F01128732CCF0032495C /* Testy.app */,
			);
			name = Products;
			sourceTree = "<group>";
		};
		AA79F01328732CCF0032495C /* Testy */ = {
			isa = PBXGroup;
			children = (
				AA79F03528735D580032495C /* Utils */,
				AA79F026287336B60032495C /* Data */,
				AA79F025287336B00032495C /* Domain */,
				AA79F024287336A40032495C /* UI */,
				AA79F01428732CCF0032495C /* TestyApp.swift */,
				AA79F01628732CCF0032495C /* MenuView.swift */,
				AA79F01828732CD00032495C /* Assets.xcassets */,
				AA79F01A28732CD00032495C /* Preview Content */,
			);
			path = Testy;
			sourceTree = "<group>";
		};
		AA79F01A28732CD00032495C /* Preview Content */ = {
			isa = PBXGroup;
			children = (
				AA79F01B28732CD00032495C /* Preview Assets.xcassets */,
			);
			path = "Preview Content";
			sourceTree = "<group>";
		};
		AA79F024287336A40032495C /* UI */ = {
			isa = PBXGroup;
			children = (
				AA79F03328733F600032495C /* SearchRecipesViewModel.swift */,
				AA79F0492874639B0032495C /* SearchRecipesView.swift */,
				AA2C7DD42875B21200806401 /* FavoriteRecipesViewModel.swift */,
				AA79F029287336F40032495C /* FavoriteRecipesView.swift */,
				AA2C7DD62875B2B400806401 /* DetailRecipeViewModel.swift */,
				AA79F03828740B780032495C /* DetailRecipeView.swift */,
				AA79F03C28741EE50032495C /* RecipeRowView.swift */,
			);
			path = UI;
			sourceTree = "<group>";
		};
		AA79F025287336B00032495C /* Domain */ = {
			isa = PBXGroup;
			children = (
				AA79F02B2873370B0032495C /* Recipe.swift */,
			);
			path = Domain;
			sourceTree = "<group>";
		};
		AA79F026287336B60032495C /* Data */ = {
			isa = PBXGroup;
			children = (
				AA79F02D2873381B0032495C /* TastyService.swift */,
			);
			path = Data;
			sourceTree = "<group>";
		};
		AA79F03528735D580032495C /* Utils */ = {
			isa = PBXGroup;
			children = (
				AA79F03628735D6D0032495C /* Constants.swift */,
				AA79F03A287413230032495C /* ActivityViewController.swift */,
				AA9FBEE7287568C400D222DA /* FileReader.swift */,
				AA9FBEE928756C0500D222DA /* HTMLStringView.swift */,
				AA2C7DD2287592CA00806401 /* ButtonStyles.swift */,
			);
			path = Utils;
			sourceTree = "<group>";
		};
/* End PBXGroup section */

/* Begin PBXNativeTarget section */
		AA79F01028732CCF0032495C /* Testy */ = {
			isa = PBXNativeTarget;
			buildConfigurationList = AA79F01F28732CD00032495C /* Build configuration list for PBXNativeTarget "Testy" */;
			buildPhases = (
				AA79F00D28732CCF0032495C /* Sources */,
				AA79F00E28732CCF0032495C /* Frameworks */,
				AA79F00F28732CCF0032495C /* Resources */,
			);
			buildRules = (
			);
			dependencies = (
			);
			name = Testy;
			productName = Testy;
			productReference = AA79F01128732CCF0032495C /* Testy.app */;
			productType = "com.apple.product-type.application";
		};
/* End PBXNativeTarget section */

/* Begin PBXProject section */
		AA79F00928732CCF0032495C /* Project object */ = {
			isa = PBXProject;
			attributes = {
				BuildIndependentTargetsInParallel = 1;
				LastSwiftUpdateCheck = 1340;
				LastUpgradeCheck = 1340;
				TargetAttributes = {
					AA79F01028732CCF0032495C = {
						CreatedOnToolsVersion = 13.4.1;
					};
				};
			};
			buildConfigurationList = AA79F00C28732CCF0032495C /* Build configuration list for PBXProject "Testy" */;
			compatibilityVersion = "Xcode 13.0";
			developmentRegion = en;
			hasScannedForEncodings = 0;
			knownRegions = (
				en,
				Base,
				fr,
			);
			mainGroup = AA79F00828732CCF0032495C;
			productRefGroup = AA79F01228732CCF0032495C /* Products */;
			projectDirPath = "";
			projectRoot = "";
			targets = (
				AA79F01028732CCF0032495C /* Testy */,
			);
		};
/* End PBXProject section */

/* Begin PBXResourcesBuildPhase section */
		AA79F00F28732CCF0032495C /* Resources */ = {
			isa = PBXResourcesBuildPhase;
			buildActionMask = 2147483647;
			files = (
				AA79F01C28732CD00032495C /* Preview Assets.xcassets in Resources */,
				AA9FBEE32875639500D222DA /* Localizable.strings in Resources */,
				AA79F01928732CD00032495C /* Assets.xcassets in Resources */,
			);
			runOnlyForDeploymentPostprocessing = 0;
		};
/* End PBXResourcesBuildPhase section */

/* Begin PBXSourcesBuildPhase section */
		AA79F00D28732CCF0032495C /* Sources */ = {
			isa = PBXSourcesBuildPhase;
			buildActionMask = 2147483647;
			files = (
				AA79F01728732CCF0032495C /* MenuView.swift in Sources */,
				AA79F04A2874639B0032495C /* SearchRecipesView.swift in Sources */,
				AA9FBEE8287568C400D222DA /* FileReader.swift in Sources */,
				AA9FBEEA28756C0500D222DA /* HTMLStringView.swift in Sources */,
				AA79F01528732CCF0032495C /* TestyApp.swift in Sources */,
				AA79F02A287336F40032495C /* FavoriteRecipesView.swift in Sources */,
				AA79F03728735D6D0032495C /* Constants.swift in Sources */,
				AA79F03B287413230032495C /* ActivityViewController.swift in Sources */,
				AA79F03D28741EE50032495C /* RecipeRowView.swift in Sources */,
				AA79F03428733F600032495C /* SearchRecipesViewModel.swift in Sources */,
				AA2C7DD52875B21200806401 /* FavoriteRecipesViewModel.swift in Sources */,
				AA79F02C2873370B0032495C /* Recipe.swift in Sources */,
				AA2C7DD3287592CA00806401 /* ButtonStyles.swift in Sources */,
				AA2C7DD72875B2B400806401 /* DetailRecipeViewModel.swift in Sources */,
				AA79F03928740B780032495C /* DetailRecipeView.swift in Sources */,
				AA79F02E2873381B0032495C /* TastyService.swift in Sources */,
			);
			runOnlyForDeploymentPostprocessing = 0;
		};
/* End PBXSourcesBuildPhase section */

/* Begin PBXVariantGroup section */
		AA9FBEE52875639500D222DA /* Localizable.strings */ = {
			isa = PBXVariantGroup;
			children = (
				AA9FBEE42875639500D222DA /* en */,
				AA9FBEE62875639700D222DA /* fr */,
			);
			name = Localizable.strings;
			sourceTree = "<group>";
		};
/* End PBXVariantGroup section */

/* Begin XCBuildConfiguration section */
		AA79F01D28732CD00032495C /* Debug */ = {
			isa = XCBuildConfiguration;
			buildSettings = {
				ALWAYS_SEARCH_USER_PATHS = NO;
				CLANG_ANALYZER_NONNULL = YES;
				CLANG_ANALYZER_NUMBER_OBJECT_CONVERSION = YES_AGGRESSIVE;
				CLANG_CXX_LANGUAGE_STANDARD = "gnu++17";
				CLANG_ENABLE_MODULES = YES;
				CLANG_ENABLE_OBJC_ARC = YES;
				CLANG_ENABLE_OBJC_WEAK = YES;
				CLANG_WARN_BLOCK_CAPTURE_AUTORELEASING = YES;
				CLANG_WARN_BOOL_CONVERSION = YES;
				CLANG_WARN_COMMA = YES;
				CLANG_WARN_CONSTANT_CONVERSION = YES;
				CLANG_WARN_DEPRECATED_OBJC_IMPLEMENTATIONS = YES;
				CLANG_WARN_DIRECT_OBJC_ISA_USAGE = YES_ERROR;
				CLANG_WARN_DOCUMENTATION_COMMENTS = YES;
				CLANG_WARN_EMPTY_BODY = YES;
				CLANG_WARN_ENUM_CONVERSION = YES;
				CLANG_WARN_INFINITE_RECURSION = YES;
				CLANG_WARN_INT_CONVERSION = YES;
				CLANG_WARN_NON_LITERAL_NULL_CONVERSION = YES;
				CLANG_WARN_OBJC_IMPLICIT_RETAIN_SELF = YES;
				CLANG_WARN_OBJC_LITERAL_CONVERSION = YES;
				CLANG_WARN_OBJC_ROOT_CLASS = YES_ERROR;
				CLANG_WARN_QUOTED_INCLUDE_IN_FRAMEWORK_HEADER = YES;
				CLANG_WARN_RANGE_LOOP_ANALYSIS = YES;
				CLANG_WARN_STRICT_PROTOTYPES = YES;
				CLANG_WARN_SUSPICIOUS_MOVE = YES;
				CLANG_WARN_UNGUARDED_AVAILABILITY = YES_AGGRESSIVE;
				CLANG_WARN_UNREACHABLE_CODE = YES;
				CLANG_WARN__DUPLICATE_METHOD_MATCH = YES;
				COPY_PHASE_STRIP = NO;
				DEBUG_INFORMATION_FORMAT = dwarf;
				ENABLE_STRICT_OBJC_MSGSEND = YES;
				ENABLE_TESTABILITY = YES;
				GCC_C_LANGUAGE_STANDARD = gnu11;
				GCC_DYNAMIC_NO_PIC = NO;
				GCC_NO_COMMON_BLOCKS = YES;
				GCC_OPTIMIZATION_LEVEL = 0;
				GCC_PREPROCESSOR_DEFINITIONS = (
					"DEBUG=1",
					"$(inherited)",
				);
				GCC_WARN_64_TO_32_BIT_CONVERSION = YES;
				GCC_WARN_ABOUT_RETURN_TYPE = YES_ERROR;
				GCC_WARN_UNDECLARED_SELECTOR = YES;
				GCC_WARN_UNINITIALIZED_AUTOS = YES_AGGRESSIVE;
				GCC_WARN_UNUSED_FUNCTION = YES;
				GCC_WARN_UNUSED_VARIABLE = YES;
				IPHONEOS_DEPLOYMENT_TARGET = 15.5;
				MTL_ENABLE_DEBUG_INFO = INCLUDE_SOURCE;
				MTL_FAST_MATH = YES;
				ONLY_ACTIVE_ARCH = YES;
				SDKROOT = iphoneos;
				SWIFT_ACTIVE_COMPILATION_CONDITIONS = DEBUG;
				SWIFT_EMIT_LOC_STRINGS = YES;
				SWIFT_OPTIMIZATION_LEVEL = "-Onone";
			};
			name = Debug;
		};
		AA79F01E28732CD00032495C /* Release */ = {
			isa = XCBuildConfiguration;
			buildSettings = {
				ALWAYS_SEARCH_USER_PATHS = NO;
				CLANG_ANALYZER_NONNULL = YES;
				CLANG_ANALYZER_NUMBER_OBJECT_CONVERSION = YES_AGGRESSIVE;
				CLANG_CXX_LANGUAGE_STANDARD = "gnu++17";
				CLANG_ENABLE_MODULES = YES;
				CLANG_ENABLE_OBJC_ARC = YES;
				CLANG_ENABLE_OBJC_WEAK = YES;
				CLANG_WARN_BLOCK_CAPTURE_AUTORELEASING = YES;
				CLANG_WARN_BOOL_CONVERSION = YES;
				CLANG_WARN_COMMA = YES;
				CLANG_WARN_CONSTANT_CONVERSION = YES;
				CLANG_WARN_DEPRECATED_OBJC_IMPLEMENTATIONS = YES;
				CLANG_WARN_DIRECT_OBJC_ISA_USAGE = YES_ERROR;
				CLANG_WARN_DOCUMENTATION_COMMENTS = YES;
				CLANG_WARN_EMPTY_BODY = YES;
				CLANG_WARN_ENUM_CONVERSION = YES;
				CLANG_WARN_INFINITE_RECURSION = YES;
				CLANG_WARN_INT_CONVERSION = YES;
				CLANG_WARN_NON_LITERAL_NULL_CONVERSION = YES;
				CLANG_WARN_OBJC_IMPLICIT_RETAIN_SELF = YES;
				CLANG_WARN_OBJC_LITERAL_CONVERSION = YES;
				CLANG_WARN_OBJC_ROOT_CLASS = YES_ERROR;
				CLANG_WARN_QUOTED_INCLUDE_IN_FRAMEWORK_HEADER = YES;
				CLANG_WARN_RANGE_LOOP_ANALYSIS = YES;
				CLANG_WARN_STRICT_PROTOTYPES = YES;
				CLANG_WARN_SUSPICIOUS_MOVE = YES;
				CLANG_WARN_UNGUARDED_AVAILABILITY = YES_AGGRESSIVE;
				CLANG_WARN_UNREACHABLE_CODE = YES;
				CLANG_WARN__DUPLICATE_METHOD_MATCH = YES;
				COPY_PHASE_STRIP = NO;
				DEBUG_INFORMATION_FORMAT = "dwarf-with-dsym";
				ENABLE_NS_ASSERTIONS = NO;
				ENABLE_STRICT_OBJC_MSGSEND = YES;
				GCC_C_LANGUAGE_STANDARD = gnu11;
				GCC_NO_COMMON_BLOCKS = YES;
				GCC_WARN_64_TO_32_BIT_CONVERSION = YES;
				GCC_WARN_ABOUT_RETURN_TYPE = YES_ERROR;
				GCC_WARN_UNDECLARED_SELECTOR = YES;
				GCC_WARN_UNINITIALIZED_AUTOS = YES_AGGRESSIVE;
				GCC_WARN_UNUSED_FUNCTION = YES;
				GCC_WARN_UNUSED_VARIABLE = YES;
				IPHONEOS_DEPLOYMENT_TARGET = 15.5;
				MTL_ENABLE_DEBUG_INFO = NO;
				MTL_FAST_MATH = YES;
				SDKROOT = iphoneos;
				SWIFT_COMPILATION_MODE = wholemodule;
				SWIFT_EMIT_LOC_STRINGS = YES;
				SWIFT_OPTIMIZATION_LEVEL = "-O";
				VALIDATE_PRODUCT = YES;
			};
			name = Release;
		};
		AA79F02028732CD00032495C /* Debug */ = {
			isa = XCBuildConfiguration;
			buildSettings = {
				ASSETCATALOG_COMPILER_APPICON_NAME = AppIcon;
				ASSETCATALOG_COMPILER_GLOBAL_ACCENT_COLOR_NAME = AccentColor;
				CODE_SIGN_STYLE = Automatic;
				CURRENT_PROJECT_VERSION = 1;
				DEVELOPMENT_ASSET_PATHS = "\"Testy/Preview Content\"";
				DEVELOPMENT_TEAM = QQR8XPJ799;
				ENABLE_PREVIEWS = YES;
				GENERATE_INFOPLIST_FILE = YES;
				INFOPLIST_KEY_UIApplicationSceneManifest_Generation = YES;
				INFOPLIST_KEY_UIApplicationSupportsIndirectInputEvents = YES;
				INFOPLIST_KEY_UILaunchScreen_Generation = YES;
				INFOPLIST_KEY_UISupportedInterfaceOrientations = UIInterfaceOrientationPortrait;
				INFOPLIST_KEY_UISupportedInterfaceOrientations_iPad = "UIInterfaceOrientationPortrait UIInterfaceOrientationPortraitUpsideDown";
				INFOPLIST_KEY_UISupportedInterfaceOrientations_iPhone = UIInterfaceOrientationPortrait;
				LD_RUNPATH_SEARCH_PATHS = (
					"$(inherited)",
					"@executable_path/Frameworks",
				);
				MARKETING_VERSION = 1.0;
				PRODUCT_BUNDLE_IDENTIFIER = com.GeoffreySaintGermain.Testy;
				PRODUCT_NAME = "$(TARGET_NAME)";
				SWIFT_EMIT_LOC_STRINGS = YES;
				SWIFT_VERSION = 5.0;
				TARGETED_DEVICE_FAMILY = 1;
			};
			name = Debug;
		};
		AA79F02128732CD00032495C /* Release */ = {
			isa = XCBuildConfiguration;
			buildSettings = {
				ASSETCATALOG_COMPILER_APPICON_NAME = AppIcon;
				ASSETCATALOG_COMPILER_GLOBAL_ACCENT_COLOR_NAME = AccentColor;
				CODE_SIGN_STYLE = Automatic;
				CURRENT_PROJECT_VERSION = 1;
				DEVELOPMENT_ASSET_PATHS = "\"Testy/Preview Content\"";
				DEVELOPMENT_TEAM = QQR8XPJ799;
				ENABLE_PREVIEWS = YES;
				GENERATE_INFOPLIST_FILE = YES;
				INFOPLIST_KEY_UIApplicationSceneManifest_Generation = YES;
				INFOPLIST_KEY_UIApplicationSupportsIndirectInputEvents = YES;
				INFOPLIST_KEY_UILaunchScreen_Generation = YES;
				INFOPLIST_KEY_UISupportedInterfaceOrientations = UIInterfaceOrientationPortrait;
				INFOPLIST_KEY_UISupportedInterfaceOrientations_iPad = "UIInterfaceOrientationPortrait UIInterfaceOrientationPortraitUpsideDown";
				INFOPLIST_KEY_UISupportedInterfaceOrientations_iPhone = UIInterfaceOrientationPortrait;
				LD_RUNPATH_SEARCH_PATHS = (
					"$(inherited)",
					"@executable_path/Frameworks",
				);
				MARKETING_VERSION = 1.0;
				PRODUCT_BUNDLE_IDENTIFIER = com.GeoffreySaintGermain.Testy;
				PRODUCT_NAME = "$(TARGET_NAME)";
				SWIFT_EMIT_LOC_STRINGS = YES;
				SWIFT_VERSION = 5.0;
				TARGETED_DEVICE_FAMILY = 1;
			};
			name = Release;
		};
/* End XCBuildConfiguration section */

/* Begin XCConfigurationList section */
		AA79F00C28732CCF0032495C /* Build configuration list for PBXProject "Testy" */ = {
			isa = XCConfigurationList;
			buildConfigurations = (
				AA79F01D28732CD00032495C /* Debug */,
				AA79F01E28732CD00032495C /* Release */,
			);
			defaultConfigurationIsVisible = 0;
			defaultConfigurationName = Release;
		};
		AA79F01F28732CD00032495C /* Build configuration list for PBXNativeTarget "Testy" */ = {
			isa = XCConfigurationList;
			buildConfigurations = (
				AA79F02028732CD00032495C /* Debug */,
				AA79F02128732CD00032495C /* Release */,
			);
			defaultConfigurationIsVisible = 0;
			defaultConfigurationName = Release;
		};
/* End XCConfigurationList section */
	};
	rootObject = AA79F00928732CCF0032495C /* Project object */;
}
